dependencies:
- name: argo-workflows
  repository: https://argoproj.github.io/argo-helm
  version: 0.45.28
- name: mysql
  repository: https://charts.bitnami.com/bitnami
  version: 12.3.5
- name: postgresql
  repository: https://charts.bitnami.com/bitnami
  version: 16.7.27
- name: minio
  repository: https://charts.min.io/
  version: 5.4.0
- name: metacontroller-helm
  repository: oci://ghcr.io/metacontroller
  version: 4.12.5
digest: sha256:90e8a06d0b163c3e65a5f5b19d029cbbf4fa8b9ba13bad9fc9beffd7b7a25e42
generated: "2026-02-10T23:57:53.239642-05:00"
