{
  "requires": true,
  "lockfileVersion": 1,
  "dependencies": {
    "@types/marked": {
      "version": "0.6.1",
      "resolved": "https://registry.npmjs.org/@types/marked/-/marked-0.6.1.tgz",
      "integrity": "sha512-yE2cXQELHabu4t+RJIrFu0dVZEG7+zr0cHDSlb8SOJbXiAss/bY9PvSubgaoG7dyn9Bb+GT2Xl4HVhChuU5mEQ==",
      "dev": true
    },
    "marked": {
      "version": "0.6.1",
      "resolved": "https://registry.npmjs.org/marked/-/marked-0.6.1.tgz",
      "integrity": "sha512-+H0L3ibcWhAZE02SKMqmvYsErLo4EAVJxu5h3bHBBDvvjeWXtl92rGUSBYHL2++5Y+RSNgl8dYOAXcYe7lp1fA=="
    }
  }
}
